
Microsoft Visual Studio Solution File, Format Version 12.00
# Visual Studio Version 17
VisualStudioVersion = 17.0.31903.59
MinimumVisualStudioVersion = 10.0.40219.1
Project("{9A19103F-16F7-4668-BE54-9A1E7A4F7556}") = "employee-model", "employee-model\employee-model.csproj", "{B5FBAF8B-D14B-4DF3-8BA1-684CF0EB2797}"
EndProject
Project("{9A19103F-16F7-4668-BE54-9A1E7A4F7556}") = "employee-infrastructure", "employee-infrastructure\employee-infrastructure.csproj", "{7C968C67-AD19-4DD4-93FA-5BF6BFC0D07A}"
EndProject
Project("{9A19103F-16F7-4668-BE54-9A1E7A4F7556}") = "employee-facade", "employee-facade\employee-facade.csproj", "{05C69850-CEEF-4418-96A2-95D736C7BD6B}"
EndProject
Project("{9A19103F-16F7-4668-BE54-9A1E7A4F7556}") = "employee-config", "employee-config\employee-config.csproj", "{5E2CA912-65EB-4984-9775-A664B752216B}"
EndProject
Global
	GlobalSection(SolutionConfigurationPlatforms) = preSolution
		Debug|Any CPU = Debug|Any CPU
		Release|Any CPU = Release|Any CPU
	EndGlobalSection
	GlobalSection(ProjectConfigurationPlatforms) = postSolution
		{B5FBAF8B-D14B-4DF3-8BA1-684CF0EB2797}.Debug|Any CPU.ActiveCfg = Debug|Any CPU
		{B5FBAF8B-D14B-4DF3-8BA1-684CF0EB2797}.Debug|Any CPU.Build.0 = Debug|Any CPU
		{B5FBAF8B-D14B-4DF3-8BA1-684CF0EB2797}.Release|Any CPU.ActiveCfg = Release|Any CPU
		{B5FBAF8B-D14B-4DF3-8BA1-684CF0EB2797}.Release|Any CPU.Build.0 = Release|Any CPU
		{7C968C67-AD19-4DD4-93FA-5BF6BFC0D07A}.Debug|Any CPU.ActiveCfg = Debug|Any CPU
		{7C968C67-AD19-4DD4-93FA-5BF6BFC0D07A}.Debug|Any CPU.Build.0 = Debug|Any CPU
		{7C968C67-AD19-4DD4-93FA-5BF6BFC0D07A}.Release|Any CPU.ActiveCfg = Release|Any CPU
		{7C968C67-AD19-4DD4-93FA-5BF6BFC0D07A}.Release|Any CPU.Build.0 = Release|Any CPU
		{05C69850-CEEF-4418-96A2-95D736C7BD6B}.Debug|Any CPU.ActiveCfg = Debug|Any CPU
		{05C69850-CEEF-4418-96A2-95D736C7BD6B}.Debug|Any CPU.Build.0 = Debug|Any CPU
		{05C69850-CEEF-4418-96A2-95D736C7BD6B}.Release|Any CPU.ActiveCfg = Release|Any CPU
		{05C69850-CEEF-4418-96A2-95D736C7BD6B}.Release|Any CPU.Build.0 = Release|Any CPU
		{5E2CA912-65EB-4984-9775-A664B752216B}.Debug|Any CPU.ActiveCfg = Debug|Any CPU
		{5E2CA912-65EB-4984-9775-A664B752216B}.Debug|Any CPU.Build.0 = Debug|Any CPU
		{5E2CA912-65EB-4984-9775-A664B752216B}.Release|Any CPU.ActiveCfg = Release|Any CPU
		{5E2CA912-65EB-4984-9775-A664B752216B}.Release|Any CPU.Build.0 = Release|Any CPU
	EndGlobalSection
	GlobalSection(SolutionProperties) = preSolution
		HideSolutionNode = FALSE
	EndGlobalSection
EndGlobal
